
Microsoft Visual Studio Solution File, Format Version 12.00
# Visual Studio 15
VisualStudioVersion = 15.0.26730.16
MinimumVisualStudioVersion = 10.0.40219.1
Project("{FAE04EC0-301F-11D3-BF4B-00C04F79EFBC}") = "Hanabi-ASP", "Hanabi-ASP\Hanabi-ASP.csproj", "{C2A3301F-1B15-4523-BC75-21F3542CD10F}"
EndProject
Global
	GlobalSection(SolutionConfigurationPlatforms) = preSolution
		Debug|Any CPU = Debug|Any CPU
		Release|Any CPU = Release|Any CPU
	EndGlobalSection
	GlobalSection(ProjectConfigurationPlatforms) = postSolution
		{C2A3301F-1B15-4523-BC75-21F3542CD10F}.Debug|Any CPU.ActiveCfg = Debug|Any CPU
		{C2A3301F-1B15-4523-BC75-21F3542CD10F}.Debug|Any CPU.Build.0 = Debug|Any CPU
		{C2A3301F-1B15-4523-BC75-21F3542CD10F}.Release|Any CPU.ActiveCfg = Release|Any CPU
		{C2A3301F-1B15-4523-BC75-21F3542CD10F}.Release|Any CPU.Build.0 = Release|Any CPU
	EndGlobalSection
	GlobalSection(SolutionProperties) = preSolution
		HideSolutionNode = FALSE
	EndGlobalSection
	GlobalSection(ExtensibilityGlobals) = postSolution
		SolutionGuid = {4536128B-6489-47D1-8EC6-8128A8FD99E5}
	EndGlobalSection
EndGlobal
